
Microsoft Visual Studio Solution File, Format Version 12.00
# Visual Studio Version 17
VisualStudioVersion = 17.1.32210.238
MinimumVisualStudioVersion = 10.0.40219.1
Project("{9A19103F-16F7-4668-BE54-9A1E7A4F7556}") = "FolkLibrary.Domain", "src\FolkLibrary.Domain\FolkLibrary.Domain.csproj", "{C04F51DF-91FA-4ECC-B980-1D97431FF949}"
EndProject
Project("{2150E333-8FDC-42A3-9474-1A3956D46DE8}") = "Solution Items", "Solution Items", "{089100B1-113F-4E66-888A-E83F3999EAFD}"
	ProjectSection(SolutionItems) = preProject
		.editorconfig = .editorconfig
		.gitattributes = .gitattributes
		.gitignore = .gitignore
		Directory.Build.props = Directory.Build.props
		Directory.Packages.props = Directory.Packages.props
		LICENSE = LICENSE
		README.md = README.md
		SpellingExclusions.dic = SpellingExclusions.dic
	EndProjectSection
EndProject
Project("{FAE04EC0-301F-11D3-BF4B-00C04F79EFBC}") = "FolkLibrary.DataImporter", "src\FolkLibrary.DataImporter\FolkLibrary.DataImporter.csproj", "{1A38D35B-F05A-4125-B109-8730D8A8DCAC}"
EndProject
Project("{FAE04EC0-301F-11D3-BF4B-00C04F79EFBC}") = "FolkLibrary.AppHost", "src\FolkLibrary.AppHost\FolkLibrary.AppHost.csproj", "{7BD4D2AE-F23D-44AF-95DA-3A0E35484913}"
EndProject
Project("{FAE04EC0-301F-11D3-BF4B-00C04F79EFBC}") = "FolkLibrary.ServiceDefaults", "src\FolkLibrary.ServiceDefaults\FolkLibrary.ServiceDefaults.csproj", "{5AF6BE36-33DA-55AC-46D1-35B4F5BD7D1C}"
EndProject
Project("{FAE04EC0-301F-11D3-BF4B-00C04F79EFBC}") = "FolkLibrary.WebApi", "src\FolkLibrary.WebApi\FolkLibrary.WebApi.csproj", "{35BA0B73-64ED-4888-B39F-F935F5A3CD1D}"
EndProject
Project("{FAE04EC0-301F-11D3-BF4B-00C04F79EFBC}") = "FolkLibrary.BlazorApp", "src\FolkLibrary.BlazorApp\FolkLibrary.BlazorApp\FolkLibrary.BlazorApp.csproj", "{978D22A6-CA27-46AB-9241-BBE90A3C892C}"
EndProject
Project("{FAE04EC0-301F-11D3-BF4B-00C04F79EFBC}") = "FolkLibrary.BlazorApp.Client", "src\FolkLibrary.BlazorApp\FolkLibrary.BlazorApp.Client\FolkLibrary.BlazorApp.Client.csproj", "{6CC68AA5-36F8-4FDD-897F-ECEE4A336361}"
EndProject
Global
	GlobalSection(SolutionConfigurationPlatforms) = preSolution
		Debug|Any CPU = Debug|Any CPU
		Release|Any CPU = Release|Any CPU
	EndGlobalSection
	GlobalSection(ProjectConfigurationPlatforms) = postSolution
		{C04F51DF-91FA-4ECC-B980-1D97431FF949}.Debug|Any CPU.ActiveCfg = Debug|Any CPU
		{C04F51DF-91FA-4ECC-B980-1D97431FF949}.Debug|Any CPU.Build.0 = Debug|Any CPU
		{C04F51DF-91FA-4ECC-B980-1D97431FF949}.Release|Any CPU.ActiveCfg = Release|Any CPU
		{C04F51DF-91FA-4ECC-B980-1D97431FF949}.Release|Any CPU.Build.0 = Release|Any CPU
		{1A38D35B-F05A-4125-B109-8730D8A8DCAC}.Debug|Any CPU.ActiveCfg = Debug|Any CPU
		{1A38D35B-F05A-4125-B109-8730D8A8DCAC}.Debug|Any CPU.Build.0 = Debug|Any CPU
		{1A38D35B-F05A-4125-B109-8730D8A8DCAC}.Release|Any CPU.ActiveCfg = Release|Any CPU
		{1A38D35B-F05A-4125-B109-8730D8A8DCAC}.Release|Any CPU.Build.0 = Release|Any CPU
		{7BD4D2AE-F23D-44AF-95DA-3A0E35484913}.Debug|Any CPU.ActiveCfg = Debug|Any CPU
		{7BD4D2AE-F23D-44AF-95DA-3A0E35484913}.Debug|Any CPU.Build.0 = Debug|Any CPU
		{7BD4D2AE-F23D-44AF-95DA-3A0E35484913}.Release|Any CPU.ActiveCfg = Release|Any CPU
		{7BD4D2AE-F23D-44AF-95DA-3A0E35484913}.Release|Any CPU.Build.0 = Release|Any CPU
		{5AF6BE36-33DA-55AC-46D1-35B4F5BD7D1C}.Debug|Any CPU.ActiveCfg = Debug|Any CPU
		{5AF6BE36-33DA-55AC-46D1-35B4F5BD7D1C}.Debug|Any CPU.Build.0 = Debug|Any CPU
		{5AF6BE36-33DA-55AC-46D1-35B4F5BD7D1C}.Release|Any CPU.ActiveCfg = Release|Any CPU
		{5AF6BE36-33DA-55AC-46D1-35B4F5BD7D1C}.Release|Any CPU.Build.0 = Release|Any CPU
		{35BA0B73-64ED-4888-B39F-F935F5A3CD1D}.Debug|Any CPU.ActiveCfg = Debug|Any CPU
		{35BA0B73-64ED-4888-B39F-F935F5A3CD1D}.Debug|Any CPU.Build.0 = Debug|Any CPU
		{35BA0B73-64ED-4888-B39F-F935F5A3CD1D}.Release|Any CPU.ActiveCfg = Release|Any CPU
		{35BA0B73-64ED-4888-B39F-F935F5A3CD1D}.Release|Any CPU.Build.0 = Release|Any CPU
		{978D22A6-CA27-46AB-9241-BBE90A3C892C}.Debug|Any CPU.ActiveCfg = Debug|Any CPU
		{978D22A6-CA27-46AB-9241-BBE90A3C892C}.Debug|Any CPU.Build.0 = Debug|Any CPU
		{978D22A6-CA27-46AB-9241-BBE90A3C892C}.Release|Any CPU.ActiveCfg = Release|Any CPU
		{978D22A6-CA27-46AB-9241-BBE90A3C892C}.Release|Any CPU.Build.0 = Release|Any CPU
		{6CC68AA5-36F8-4FDD-897F-ECEE4A336361}.Debug|Any CPU.ActiveCfg = Debug|Any CPU
		{6CC68AA5-36F8-4FDD-897F-ECEE4A336361}.Debug|Any CPU.Build.0 = Debug|Any CPU
		{6CC68AA5-36F8-4FDD-897F-ECEE4A336361}.Release|Any CPU.ActiveCfg = Release|Any CPU
		{6CC68AA5-36F8-4FDD-897F-ECEE4A336361}.Release|Any CPU.Build.0 = Release|Any CPU
	EndGlobalSection
	GlobalSection(SolutionProperties) = preSolution
		HideSolutionNode = FALSE
	EndGlobalSection
	GlobalSection(ExtensibilityGlobals) = postSolution
		SolutionGuid = {560D6C7A-5B6F-4525-8707-4591A21E060A}
	EndGlobalSection
EndGlobal
