
Microsoft Visual Studio Solution File, Format Version 12.00
# Visual Studio Version 17
VisualStudioVersion = 17.1.32210.238
MinimumVisualStudioVersion = 10.0.40219.1
Project("{E53339B2-1760-4266-BCC7-CA923CBCF16C}") = "docker-compose", "docker-compose.dcproj", "{FE960AD1-2B11-457C-A1E2-67BDF9BF09FE}"
EndProject
Project("{9A19103F-16F7-4668-BE54-9A1E7A4F7556}") = "FolkLibrary.Domain", "FolkLibrary.Domain\FolkLibrary.Domain.csproj", "{C04F51DF-91FA-4ECC-B980-1D97431FF949}"
EndProject
Project("{9A19103F-16F7-4668-BE54-9A1E7A4F7556}") = "FolkLibrary.Application", "FolkLibrary.Application\FolkLibrary.Application.csproj", "{7560C877-22F6-4441-BB87-C2C7A83875A8}"
EndProject
Project("{9A19103F-16F7-4668-BE54-9A1E7A4F7556}") = "FolkLibrary.Infrastructure", "FolkLibrary.Infrastructure\FolkLibrary.Infrastructure.csproj", "{2DBF8E1A-A8FE-4D9A-899C-97F9C8E62908}"
EndProject
Project("{9A19103F-16F7-4668-BE54-9A1E7A4F7556}") = "FolkLibrary.WebApi", "FolkLibrary.WebApi\FolkLibrary.WebApi.csproj", "{AEFADD2A-B6EB-4B28-AB8F-B7BB0074DDD2}"
EndProject
Project("{9A19103F-16F7-4668-BE54-9A1E7A4F7556}") = "FolkLibrary.BlazorApp.Server", "FolkLibrary.BlazorApp\Server\FolkLibrary.BlazorApp.Server.csproj", "{5DA241B1-720E-4428-85BE-9BBE4B8A36DE}"
EndProject
Project("{9A19103F-16F7-4668-BE54-9A1E7A4F7556}") = "FolkLibrary.BlazorApp.Client", "FolkLibrary.BlazorApp\Client\FolkLibrary.BlazorApp.Client.csproj", "{877EEE9A-F375-4ADF-BA0E-A7060E3DE296}"
EndProject
Project("{9A19103F-16F7-4668-BE54-9A1E7A4F7556}") = "FolkLibrary.CommandLine", "FolkLibrary.CommandLine\FolkLibrary.CommandLine.csproj", "{80F3EF5C-2E3C-4363-B2D9-31C8DCA52D8F}"
EndProject
Global
	GlobalSection(SolutionConfigurationPlatforms) = preSolution
		Debug|Any CPU = Debug|Any CPU
		Release|Any CPU = Release|Any CPU
	EndGlobalSection
	GlobalSection(ProjectConfigurationPlatforms) = postSolution
		{FE960AD1-2B11-457C-A1E2-67BDF9BF09FE}.Debug|Any CPU.ActiveCfg = Debug|Any CPU
		{FE960AD1-2B11-457C-A1E2-67BDF9BF09FE}.Debug|Any CPU.Build.0 = Debug|Any CPU
		{FE960AD1-2B11-457C-A1E2-67BDF9BF09FE}.Release|Any CPU.ActiveCfg = Release|Any CPU
		{FE960AD1-2B11-457C-A1E2-67BDF9BF09FE}.Release|Any CPU.Build.0 = Release|Any CPU
		{C04F51DF-91FA-4ECC-B980-1D97431FF949}.Debug|Any CPU.ActiveCfg = Debug|Any CPU
		{C04F51DF-91FA-4ECC-B980-1D97431FF949}.Debug|Any CPU.Build.0 = Debug|Any CPU
		{C04F51DF-91FA-4ECC-B980-1D97431FF949}.Release|Any CPU.ActiveCfg = Release|Any CPU
		{C04F51DF-91FA-4ECC-B980-1D97431FF949}.Release|Any CPU.Build.0 = Release|Any CPU
		{7560C877-22F6-4441-BB87-C2C7A83875A8}.Debug|Any CPU.ActiveCfg = Debug|Any CPU
		{7560C877-22F6-4441-BB87-C2C7A83875A8}.Debug|Any CPU.Build.0 = Debug|Any CPU
		{7560C877-22F6-4441-BB87-C2C7A83875A8}.Release|Any CPU.ActiveCfg = Release|Any CPU
		{7560C877-22F6-4441-BB87-C2C7A83875A8}.Release|Any CPU.Build.0 = Release|Any CPU
		{2DBF8E1A-A8FE-4D9A-899C-97F9C8E62908}.Debug|Any CPU.ActiveCfg = Debug|Any CPU
		{2DBF8E1A-A8FE-4D9A-899C-97F9C8E62908}.Debug|Any CPU.Build.0 = Debug|Any CPU
		{2DBF8E1A-A8FE-4D9A-899C-97F9C8E62908}.Release|Any CPU.ActiveCfg = Release|Any CPU
		{2DBF8E1A-A8FE-4D9A-899C-97F9C8E62908}.Release|Any CPU.Build.0 = Release|Any CPU
		{AEFADD2A-B6EB-4B28-AB8F-B7BB0074DDD2}.Debug|Any CPU.ActiveCfg = Debug|Any CPU
		{AEFADD2A-B6EB-4B28-AB8F-B7BB0074DDD2}.Debug|Any CPU.Build.0 = Debug|Any CPU
		{AEFADD2A-B6EB-4B28-AB8F-B7BB0074DDD2}.Release|Any CPU.ActiveCfg = Release|Any CPU
		{AEFADD2A-B6EB-4B28-AB8F-B7BB0074DDD2}.Release|Any CPU.Build.0 = Release|Any CPU
		{5DA241B1-720E-4428-85BE-9BBE4B8A36DE}.Debug|Any CPU.ActiveCfg = Debug|Any CPU
		{5DA241B1-720E-4428-85BE-9BBE4B8A36DE}.Debug|Any CPU.Build.0 = Debug|Any CPU
		{5DA241B1-720E-4428-85BE-9BBE4B8A36DE}.Release|Any CPU.ActiveCfg = Release|Any CPU
		{5DA241B1-720E-4428-85BE-9BBE4B8A36DE}.Release|Any CPU.Build.0 = Release|Any CPU
		{877EEE9A-F375-4ADF-BA0E-A7060E3DE296}.Debug|Any CPU.ActiveCfg = Debug|Any CPU
		{877EEE9A-F375-4ADF-BA0E-A7060E3DE296}.Debug|Any CPU.Build.0 = Debug|Any CPU
		{877EEE9A-F375-4ADF-BA0E-A7060E3DE296}.Release|Any CPU.ActiveCfg = Release|Any CPU
		{877EEE9A-F375-4ADF-BA0E-A7060E3DE296}.Release|Any CPU.Build.0 = Release|Any CPU
		{80F3EF5C-2E3C-4363-B2D9-31C8DCA52D8F}.Debug|Any CPU.ActiveCfg = Debug|Any CPU
		{80F3EF5C-2E3C-4363-B2D9-31C8DCA52D8F}.Debug|Any CPU.Build.0 = Debug|Any CPU
		{80F3EF5C-2E3C-4363-B2D9-31C8DCA52D8F}.Release|Any CPU.ActiveCfg = Release|Any CPU
		{80F3EF5C-2E3C-4363-B2D9-31C8DCA52D8F}.Release|Any CPU.Build.0 = Release|Any CPU
	EndGlobalSection
	GlobalSection(SolutionProperties) = preSolution
		HideSolutionNode = FALSE
	EndGlobalSection
	GlobalSection(ExtensibilityGlobals) = postSolution
		SolutionGuid = {560D6C7A-5B6F-4525-8707-4591A21E060A}
	EndGlobalSection
EndGlobal
